// !$*UTF8*$!
{
	archiveVersion = 1;
	classes = {
	};
	objectVersion = 50;
	objects = {

/* Begin PBXBuildFile section */
		0A023E1B24498D7000885193 /* 006.Z字形变换.swift in Sources */ = {isa = PBXBuildFile; fileRef = 0A023E1A24498D7000885193 /* 006.Z字形变换.swift */; };
		0A023E1D2449979B00885193 /* 008.字符串转换整数(atoi).swift in Sources */ = {isa = PBXBuildFile; fileRef = 0A023E1C2449979B00885193 /* 008.字符串转换整数(atoi).swift */; };
		0A023E1F2449C56700885193 /* 034.在排序数组中查找元素的第一个和最后一个位置.swift in Sources */ = {isa = PBXBuildFile; fileRef = 0A023E1E2449C56700885193 /* 034.在排序数组中查找元素的第一个和最后一个位置.swift */; };
		0A023E21244AD6F500885193 /* 011.盛最多水的容器.swift in Sources */ = {isa = PBXBuildFile; fileRef = 0A023E20244AD6F500885193 /* 011.盛最多水的容器.swift */; };
		0A165B85243DB93900E85723 /* main.swift in Sources */ = {isa = PBXBuildFile; fileRef = 0A165B84243DB93900E85723 /* main.swift */; };
		0A165B8C243DB95A00E85723 /* 001.两数之和.swift in Sources */ = {isa = PBXBuildFile; fileRef = 0A165B8B243DB95A00E85723 /* 001.两数之和.swift */; };
		0A165B8F243DBA0600E85723 /* ListNode.swift in Sources */ = {isa = PBXBuildFile; fileRef = 0A165B8D243DBA0500E85723 /* ListNode.swift */; };
		0A165B90243DBA0600E85723 /* TreeNode.swift in Sources */ = {isa = PBXBuildFile; fileRef = 0A165B8E243DBA0600E85723 /* TreeNode.swift */; };
		0A165BCB243DBA2D00E85723 /* 046.全排列.swift in Sources */ = {isa = PBXBuildFile; fileRef = 0A165B91243DBA2900E85723 /* 046.全排列.swift */; };
		0A165BCC243DBA2D00E85723 /* 020.有效的括号.swift in Sources */ = {isa = PBXBuildFile; fileRef = 0A165B92243DBA2900E85723 /* 020.有效的括号.swift */; };
		0A165BCD243DBA2D00E85723 /* 215.数组中的第K个最大元素.swift in Sources */ = {isa = PBXBuildFile; fileRef = 0A165B93243DBA2900E85723 /* 215.数组中的第K个最大元素.swift */; };
		0A165BCE243DBA2D00E85723 /* 102.二叉树的层次遍历.swift in Sources */ = {isa = PBXBuildFile; fileRef = 0A165B94243DBA2900E85723 /* 102.二叉树的层次遍历.swift */; };
		0A165BCF243DBA2D00E85723 /* 035.搜索插入位置.swift in Sources */ = {isa = PBXBuildFile; fileRef = 0A165B95243DBA2A00E85723 /* 035.搜索插入位置.swift */; };
		0A165BD0243DBA2D00E85723 /* 225.用队列实现栈.swift in Sources */ = {isa = PBXBuildFile; fileRef = 0A165B96243DBA2A00E85723 /* 225.用队列实现栈.swift */; };
		0A165BD1243DBA2D00E85723 /* 面试题40.最小的k个数.swift in Sources */ = {isa = PBXBuildFile; fileRef = 0A165B97243DBA2A00E85723 /* 面试题40.最小的k个数.swift */; };
		0A165BD2243DBA2D00E85723 /* 160.相交链表.swift in Sources */ = {isa = PBXBuildFile; fileRef = 0A165B98243DBA2A00E85723 /* 160.相交链表.swift */; };
		0A165BD3243DBA2D00E85723 /* 177.第N高的薪水.swift in Sources */ = {isa = PBXBuildFile; fileRef = 0A165B99243DBA2A00E85723 /* 177.第N高的薪水.swift */; };
		0A165BD4243DBA2D00E85723 /* 104.二叉树的最大深度.swift in Sources */ = {isa = PBXBuildFile; fileRef = 0A165B9A243DBA2A00E85723 /* 104.二叉树的最大深度.swift */; };
		0A165BD5243DBA2D00E85723 /* 070.爬楼梯.swift in Sources */ = {isa = PBXBuildFile; fileRef = 0A165B9B243DBA2A00E85723 /* 070.爬楼梯.swift */; };
		0A165BD6243DBA2D00E85723 /* 146.LRU缓存机制.swift in Sources */ = {isa = PBXBuildFile; fileRef = 0A165B9C243DBA2A00E85723 /* 146.LRU缓存机制.swift */; };
		0A165BD7243DBA2D00E85723 /* 053.最大子序和.swift in Sources */ = {isa = PBXBuildFile; fileRef = 0A165B9D243DBA2A00E85723 /* 053.最大子序和.swift */; };
		0A165BD8243DBA2D00E85723 /* 182.查找重复的电子邮箱.swift in Sources */ = {isa = PBXBuildFile; fileRef = 0A165B9E243DBA2A00E85723 /* 182.查找重复的电子邮箱.swift */; };
		0A165BD9243DBA2D00E85723 /* 026.删除排序数组中的重复项.swift in Sources */ = {isa = PBXBuildFile; fileRef = 0A165B9F243DBA2A00E85723 /* 026.删除排序数组中的重复项.swift */; };
		0A165BDA243DBA2D00E85723 /* 094.二叉树的中序遍历.swift in Sources */ = {isa = PBXBuildFile; fileRef = 0A165BA0243DBA2A00E85723 /* 094.二叉树的中序遍历.swift */; };
		0A165BDB243DBA2D00E85723 /* 028.实现strStr().swift in Sources */ = {isa = PBXBuildFile; fileRef = 0A165BA1243DBA2A00E85723 /* 028.实现strStr().swift */; };
		0A165BDC243DBA2D00E85723 /* 101.对称二叉树.swift in Sources */ = {isa = PBXBuildFile; fileRef = 0A165BA2243DBA2A00E85723 /* 101.对称二叉树.swift */; };
		0A165BDD243DBA2D00E85723 /* 110.平衡二叉树.swift in Sources */ = {isa = PBXBuildFile; fileRef = 0A165BA3243DBA2A00E85723 /* 110.平衡二叉树.swift */; };
		0A165BDE243DBA2E00E85723 /* 032.最长有效括号.swift in Sources */ = {isa = PBXBuildFile; fileRef = 0A165BA4243DBA2A00E85723 /* 032.最长有效括号.swift */; };
		0A165BDF243DBA2E00E85723 /* 135.分发糖果.swift in Sources */ = {isa = PBXBuildFile; fileRef = 0A165BA5243DBA2A00E85723 /* 135.分发糖果.swift */; };
		0A165BE0243DBA2E00E85723 /* 015.三数之和.swift in Sources */ = {isa = PBXBuildFile; fileRef = 0A165BA6243DBA2B00E85723 /* 015.三数之和.swift */; };
		0A165BE1243DBA2E00E85723 /* 199.二叉树的右视图.swift in Sources */ = {isa = PBXBuildFile; fileRef = 0A165BA7243DBA2B00E85723 /* 199.二叉树的右视图.swift */; };
		0A165BE2243DBA2E00E85723 /* 226.翻转二叉树.swift in Sources */ = {isa = PBXBuildFile; fileRef = 0A165BA8243DBA2B00E85723 /* 226.翻转二叉树.swift */; };
		0A165BE3243DBA2E00E85723 /* 056.合并区间.swift in Sources */ = {isa = PBXBuildFile; fileRef = 0A165BA9243DBA2B00E85723 /* 056.合并区间.swift */; };
		0A165BE4243DBA2E00E85723 /* 204.计数质数.swift in Sources */ = {isa = PBXBuildFile; fileRef = 0A165BAA243DBA2B00E85723 /* 204.计数质数.swift */; };
		0A165BE5243DBA2E00E85723 /* 009.回文数.swift in Sources */ = {isa = PBXBuildFile; fileRef = 0A165BAB243DBA2B00E85723 /* 009.回文数.swift */; };
		0A165BE6243DBA2E00E85723 /* 024.两两交换链表中的节点.swift in Sources */ = {isa = PBXBuildFile; fileRef = 0A165BAC243DBA2B00E85723 /* 024.两两交换链表中的节点.swift */; };
		0A165BE7243DBA2E00E85723 /* 083.删除排序链表中的重复元素.swift in Sources */ = {isa = PBXBuildFile; fileRef = 0A165BAD243DBA2B00E85723 /* 083.删除排序链表中的重复元素.swift */; };
		0A165BE8243DBA2E00E85723 /* 042.接雨水.swift in Sources */ = {isa = PBXBuildFile; fileRef = 0A165BAE243DBA2B00E85723 /* 042.接雨水.swift */; };
		0A165BE9243DBA2E00E85723 /* 112.路径总和.swift in Sources */ = {isa = PBXBuildFile; fileRef = 0A165BAF243DBA2B00E85723 /* 112.路径总和.swift */; };
		0A165BEA243DBA2E00E85723 /* 169.多数元素.swift in Sources */ = {isa = PBXBuildFile; fileRef = 0A165BB0243DBA2B00E85723 /* 169.多数元素.swift */; };
		0A165BEB243DBA2E00E85723 /* 021.合并两个有序链表.swift in Sources */ = {isa = PBXBuildFile; fileRef = 0A165BB1243DBA2B00E85723 /* 021.合并两个有序链表.swift */; };
		0A165BEC243DBA2E00E85723 /* 019.删除链表的倒数第N个节点.swift in Sources */ = {isa = PBXBuildFile; fileRef = 0A165BB2243DBA2B00E85723 /* 019.删除链表的倒数第N个节点.swift */; };
		0A165BED243DBA2E00E85723 /* 027.移除元素.swift in Sources */ = {isa = PBXBuildFile; fileRef = 0A165BB3243DBA2C00E85723 /* 027.移除元素.swift */; };
		0A165BEE243DBA2E00E85723 /* 082.删除排序链表中的重复元素II.swift in Sources */ = {isa = PBXBuildFile; fileRef = 0A165BB4243DBA2C00E85723 /* 082.删除排序链表中的重复元素II.swift */; };
		0A165BEF243DBA2E00E85723 /* 003.无重复字符的最长子串.swift in Sources */ = {isa = PBXBuildFile; fileRef = 0A165BB5243DBA2C00E85723 /* 003.无重复字符的最长子串.swift */; };
		0A165BF0243DBA2E00E85723 /* 144.二叉树的前序遍历.swift in Sources */ = {isa = PBXBuildFile; fileRef = 0A165BB6243DBA2C00E85723 /* 144.二叉树的前序遍历.swift */; };
		0A165BF1243DBA2E00E85723 /* 039.组合总和.swift in Sources */ = {isa = PBXBuildFile; fileRef = 0A165BB7243DBA2C00E85723 /* 039.组合总和.swift */; };
		0A165BF2243DBA2E00E85723 /* 100.相同的树.swift in Sources */ = {isa = PBXBuildFile; fileRef = 0A165BB8243DBA2C00E85723 /* 100.相同的树.swift */; };
		0A165BF3243DBA2E00E85723 /* 219.存在重复元素II.swift in Sources */ = {isa = PBXBuildFile; fileRef = 0A165BB9243DBA2C00E85723 /* 219.存在重复元素II.swift */; };
		0A165BF4243DBA2E00E85723 /* 196.删除重复的电子邮箱.swift in Sources */ = {isa = PBXBuildFile; fileRef = 0A165BBA243DBA2C00E85723 /* 196.删除重复的电子邮箱.swift */; };
		0A165BF5243DBA2E00E85723 /* 136.只出现一次的数字.swift in Sources */ = {isa = PBXBuildFile; fileRef = 0A165BBB243DBA2C00E85723 /* 136.只出现一次的数字.swift */; };
		0A165BF6243DBA2E00E85723 /* 141.环形链表.swift in Sources */ = {isa = PBXBuildFile; fileRef = 0A165BBC243DBA2C00E85723 /* 141.环形链表.swift */; };
		0A165BF7243DBA2E00E85723 /* 066.加一.swift in Sources */ = {isa = PBXBuildFile; fileRef = 0A165BBD243DBA2C00E85723 /* 066.加一.swift */; };
		0A165BF8243DBA2E00E85723 /* 058.最后一个单词的长度.swift in Sources */ = {isa = PBXBuildFile; fileRef = 0A165BBE243DBA2C00E85723 /* 058.最后一个单词的长度.swift */; };
		0A165BF9243DBA2E00E85723 /* 007.整数反转.swift in Sources */ = {isa = PBXBuildFile; fileRef = 0A165BBF243DBA2D00E85723 /* 007.整数反转.swift */; };
		0A165BFA243DBA2E00E85723 /* 176.第二高的薪水.swift in Sources */ = {isa = PBXBuildFile; fileRef = 0A165BC0243DBA2D00E85723 /* 176.第二高的薪水.swift */; };
		0A165BFB243DBA2E00E85723 /* 061.旋转链表.swift in Sources */ = {isa = PBXBuildFile; fileRef = 0A165BC1243DBA2D00E85723 /* 061.旋转链表.swift */; };
		0A165BFC243DBA2E00E85723 /* 142.环形链表II.swift in Sources */ = {isa = PBXBuildFile; fileRef = 0A165BC2243DBA2D00E85723 /* 142.环形链表II.swift */; };
		0A165BFD243DBA2E00E85723 /* 206.反转链表.swift in Sources */ = {isa = PBXBuildFile; fileRef = 0A165BC3243DBA2D00E85723 /* 206.反转链表.swift */; };
		0A165BFE243DBA2E00E85723 /* 014.最长公共前缀.swift in Sources */ = {isa = PBXBuildFile; fileRef = 0A165BC4243DBA2D00E85723 /* 014.最长公共前缀.swift */; };
		0A165BFF243DBA2E00E85723 /* 005.最长回文子串.swift in Sources */ = {isa = PBXBuildFile; fileRef = 0A165BC5243DBA2D00E85723 /* 005.最长回文子串.swift */; };
		0A165C00243DBA2E00E85723 /* 175.组合两个表.swift in Sources */ = {isa = PBXBuildFile; fileRef = 0A165BC6243DBA2D00E85723 /* 175.组合两个表.swift */; };
		0A165C01243DBA2E00E85723 /* 069.x的平方根.swift in Sources */ = {isa = PBXBuildFile; fileRef = 0A165BC7243DBA2D00E85723 /* 069.x的平方根.swift */; };
		0A165C02243DBA2E00E85723 /* 067.二进制求和.swift in Sources */ = {isa = PBXBuildFile; fileRef = 0A165BC8243DBA2D00E85723 /* 067.二进制求和.swift */; };
		0A165C03243DBA2E00E85723 /* 349.两个数组的交集.swift in Sources */ = {isa = PBXBuildFile; fileRef = 0A165BC9243DBA2D00E85723 /* 349.两个数组的交集.swift */; };
		0A165C04243DBA2E00E85723 /* 203.移除链表元素.swift in Sources */ = {isa = PBXBuildFile; fileRef = 0A165BCA243DBA2D00E85723 /* 203.移除链表元素.swift */; };
		0A1CA0FC2451435D002D92E2 /* 198.打家劫舍.swift in Sources */ = {isa = PBXBuildFile; fileRef = 0A1CA0FB2451435D002D92E2 /* 198.打家劫舍.swift */; };
		0A5710E9244AE2D00029BB2C /* 016.最接近的三数之和.swift in Sources */ = {isa = PBXBuildFile; fileRef = 0A5710E8244AE2D00029BB2C /* 016.最接近的三数之和.swift */; };
		0A5710EB244AFA1F0029BB2C /* 037.解数独.swift in Sources */ = {isa = PBXBuildFile; fileRef = 0A5710EA244AFA1F0029BB2C /* 037.解数独.swift */; };
		0A5710ED244C27BD0029BB2C /* 113.路径总和II.swift in Sources */ = {isa = PBXBuildFile; fileRef = 0A5710EC244C27BD0029BB2C /* 113.路径总和II.swift */; };
		0A5710EF244C39150029BB2C /* 031.下一个排列.swift in Sources */ = {isa = PBXBuildFile; fileRef = 0A5710EE244C39150029BB2C /* 031.下一个排列.swift */; };
		0A5710F1244D772A0029BB2C /* 200.岛屿数量.swift in Sources */ = {isa = PBXBuildFile; fileRef = 0A5710F0244D772A0029BB2C /* 200.岛屿数量.swift */; };
		0A5710F3244D7E300029BB2C /* 063.不同路径II.swift in Sources */ = {isa = PBXBuildFile; fileRef = 0A5710F2244D7E300029BB2C /* 063.不同路径II.swift */; };
		0A5710F5244D87530029BB2C /* 054.螺旋矩阵.swift in Sources */ = {isa = PBXBuildFile; fileRef = 0A5710F4244D87530029BB2C /* 054.螺旋矩阵.swift */; };
		0A5710F7244D978C0029BB2C /* 040.组合总和II.swift in Sources */ = {isa = PBXBuildFile; fileRef = 0A5710F6244D978C0029BB2C /* 040.组合总和II.swift */; };
		0A5710F9244DA77D0029BB2C /* 059.螺旋矩阵II.swift in Sources */ = {isa = PBXBuildFile; fileRef = 0A5710F8244DA77D0029BB2C /* 059.螺旋矩阵II.swift */; };
		0A5710FD244DCF880029BB2C /* insertion.swift in Sources */ = {isa = PBXBuildFile; fileRef = 0A5710FC244DCF880029BB2C /* insertion.swift */; };
		0A5710FF244DD2490029BB2C /* bubble.swift in Sources */ = {isa = PBXBuildFile; fileRef = 0A5710FE244DD2490029BB2C /* bubble.swift */; };
		0A571105244DD5CA0029BB2C /* selection.swift in Sources */ = {isa = PBXBuildFile; fileRef = 0A571104244DD5CA0029BB2C /* selection.swift */; };
		0A571107244DDADD0029BB2C /* quick.swift in Sources */ = {isa = PBXBuildFile; fileRef = 0A571106244DDADD0029BB2C /* quick.swift */; };
		0A571109244E91AA0029BB2C /* 073.矩阵置零.swift in Sources */ = {isa = PBXBuildFile; fileRef = 0A571108244E91AA0029BB2C /* 073.矩阵置零.swift */; };
		0A57110B244EA6EF0029BB2C /* 155.最小栈.swift in Sources */ = {isa = PBXBuildFile; fileRef = 0A57110A244EA6EF0029BB2C /* 155.最小栈.swift */; };
		0A57110D244EF4E10029BB2C /* 036.有效的数独.swift in Sources */ = {isa = PBXBuildFile; fileRef = 0A57110C244EF4E10029BB2C /* 036.有效的数独.swift */; };
		0A57110F244FE0830029BB2C /* 167.两数之和II-输入有序数组.swift in Sources */ = {isa = PBXBuildFile; fileRef = 0A57110E244FE0830029BB2C /* 167.两数之和II-输入有序数组.swift */; };
		0A571111244FEA580029BB2C /* 107.二叉树的层次遍历II.swift in Sources */ = {isa = PBXBuildFile; fileRef = 0A571110244FEA580029BB2C /* 107.二叉树的层次遍历II.swift */; };
		0A571115245022BD0029BB2C /* 092.反转链表II.swift in Sources */ = {isa = PBXBuildFile; fileRef = 0A571114245022BD0029BB2C /* 092.反转链表II.swift */; };
		0A571119245038F40029BB2C /* 114.二叉树展开为链表.swift in Sources */ = {isa = PBXBuildFile; fileRef = 0A571118245038F40029BB2C /* 114.二叉树展开为链表.swift */; };
		0A57111B24512E890029BB2C /* 189.旋转数组.swift in Sources */ = {isa = PBXBuildFile; fileRef = 0A57111A24512E890029BB2C /* 189.旋转数组.swift */; };
		0A6FBCC62448B2F500B29C7E /* 543.二叉树的直径.swift in Sources */ = {isa = PBXBuildFile; fileRef = 0A6FBCC52448B2F500B29C7E /* 543.二叉树的直径.swift */; };
		0A94C8982452C78300A59E17 /* 252.会议室.swift in Sources */ = {isa = PBXBuildFile; fileRef = 0A94C8972452C78300A59E17 /* 252.会议室.swift */; };
		0A94C89A2452D17900A59E17 /* 1089.复写零.swift in Sources */ = {isa = PBXBuildFile; fileRef = 0A94C8992452D17900A59E17 /* 1089.复写零.swift */; };
		0A94C89C2452E6E100A59E17 /* 111.二叉树的最小深度.swift in Sources */ = {isa = PBXBuildFile; fileRef = 0A94C89B2452E6E100A59E17 /* 111.二叉树的最小深度.swift */; };
		0A9FB8192444041900359364 /* 062.不同路径.swift in Sources */ = {isa = PBXBuildFile; fileRef = 0A9FB8182444041900359364 /* 062.不同路径.swift */; };
		0A9FB81B2444143C00359364 /* 064.最小路径和.swift in Sources */ = {isa = PBXBuildFile; fileRef = 0A9FB81A2444143C00359364 /* 064.最小路径和.swift */; };
		0A9FB822244468EA00359364 /* 051.N皇后.swift in Sources */ = {isa = PBXBuildFile; fileRef = 0A9FB821244468EA00359364 /* 051.N皇后.swift */; };
		0A9FB824244552E700359364 /* 077.组合.swift in Sources */ = {isa = PBXBuildFile; fileRef = 0A9FB823244552E700359364 /* 077.组合.swift */; };
		0A9FB826244567B400359364 /* 078.子集.swift in Sources */ = {isa = PBXBuildFile; fileRef = 0A9FB825244567B300359364 /* 078.子集.swift */; };
		0A9FB82824458F8D00359364 /* 022.括号生成.swift in Sources */ = {isa = PBXBuildFile; fileRef = 0A9FB82724458F8D00359364 /* 022.括号生成.swift */; };
		0A9FB82A2445A23300359364 /* 093.复原IP地址.swift in Sources */ = {isa = PBXBuildFile; fileRef = 0A9FB8292445A23300359364 /* 093.复原IP地址.swift */; };
		0A9FB82C2445C93C00359364 /* 118.杨辉三角.swift in Sources */ = {isa = PBXBuildFile; fileRef = 0A9FB82B2445C93C00359364 /* 118.杨辉三角.swift */; };
		0A9FB82E2445E11C00359364 /* 442.数组中重复的数据.swift in Sources */ = {isa = PBXBuildFile; fileRef = 0A9FB82D2445E11C00359364 /* 442.数组中重复的数据.swift */; };
		0A9FB8302445F4A900359364 /* 389.找不同.swift in Sources */ = {isa = PBXBuildFile; fileRef = 0A9FB82F2445F4A900359364 /* 389.找不同.swift */; };
		0A9FB8322446A9A000359364 /* 129.求根到叶子节点数字之和.swift in Sources */ = {isa = PBXBuildFile; fileRef = 0A9FB8312446A9A000359364 /* 129.求根到叶子节点数字之和.swift */; };
		0A9FB8342446B3A000359364 /* 222.完全二叉树的节点个数.swift in Sources */ = {isa = PBXBuildFile; fileRef = 0A9FB8332446B3A000359364 /* 222.完全二叉树的节点个数.swift */; };
		0A9FB8362446B9B100359364 /* 217.存在重复元素.swift in Sources */ = {isa = PBXBuildFile; fileRef = 0A9FB8352446B9B100359364 /* 217.存在重复元素.swift */; };
		0A9FB8382446E04100359364 /* 060.第k个排列.swift in Sources */ = {isa = PBXBuildFile; fileRef = 0A9FB8372446E04100359364 /* 060.第k个排列.swift */; };
		0A9FB83A2447170E00359364 /* 043.字符串相乘.swift in Sources */ = {isa = PBXBuildFile; fileRef = 0A9FB8392447170E00359364 /* 043.字符串相乘.swift */; };
		0A9FB83C2448038200359364 /* 1346.检查整数及其两倍数是否存在.swift in Sources */ = {isa = PBXBuildFile; fileRef = 0A9FB83B2448038200359364 /* 1346.检查整数及其两倍数是否存在.swift */; };
		0A9FB83E24480FCB00359364 /* 148.排序链表.swift in Sources */ = {isa = PBXBuildFile; fileRef = 0A9FB83D24480FCB00359364 /* 148.排序链表.swift */; };
		0A9FB8402448541400359364 /* 071.简化路径.swift in Sources */ = {isa = PBXBuildFile; fileRef = 0A9FB83F2448541400359364 /* 071.简化路径.swift */; };
		0A9FB8422448688600359364 /* 072.编辑距离.swift in Sources */ = {isa = PBXBuildFile; fileRef = 0A9FB8412448688600359364 /* 072.编辑距离.swift */; };
		0A9FB844244950ED00359364 /* 202.快乐数.swift in Sources */ = {isa = PBXBuildFile; fileRef = 0A9FB843244950ED00359364 /* 202.快乐数.swift */; };
		0AC4708C243EB72300FBA4D0 /* 098.验证二叉搜索树.swift in Sources */ = {isa = PBXBuildFile; fileRef = 0AC4708B243EB72300FBA4D0 /* 098.验证二叉搜索树.swift */; };
		0AC4708E243EF8C200FBA4D0 /* 121.买卖股票的最佳时机.swift in Sources */ = {isa = PBXBuildFile; fileRef = 0AC4708D243EF8C200FBA4D0 /* 121.买卖股票的最佳时机.swift */; };
		0AC47090243F02A400FBA4D0 /* 322.零钱兑换.swift in Sources */ = {isa = PBXBuildFile; fileRef = 0AC4708F243F02A400FBA4D0 /* 322.零钱兑换.swift */; };
		0AC47092243F0FE300FBA4D0 /* 033.搜索旋转排序数组.swift in Sources */ = {isa = PBXBuildFile; fileRef = 0AC47091243F0FE300FBA4D0 /* 033.搜索旋转排序数组.swift */; };
		0AC4709424400E2400FBA4D0 /* 023.合并K个排序链表.swift in Sources */ = {isa = PBXBuildFile; fileRef = 0AC4709324400E2400FBA4D0 /* 023.合并K个排序链表.swift */; };
		0AC470982440234E00FBA4D0 /* 122.买卖股票的最佳时机II.swift in Sources */ = {isa = PBXBuildFile; fileRef = 0AC470972440234E00FBA4D0 /* 122.买卖股票的最佳时机II.swift */; };
		0AC4709A2440577100FBA4D0 /* 103.二叉树的锯齿形层次遍历.swift in Sources */ = {isa = PBXBuildFile; fileRef = 0AC470992440577100FBA4D0 /* 103.二叉树的锯齿形层次遍历.swift */; };
		0AC4709C24417F4600FBA4D0 /* 002.两数相加.swift in Sources */ = {isa = PBXBuildFile; fileRef = 0AC4709B24417F4600FBA4D0 /* 002.两数相加.swift */; };
		0AC4709E24418F9400FBA4D0 /* 041.缺失的第一个正数.swift in Sources */ = {isa = PBXBuildFile; fileRef = 0AC4709D24418F9400FBA4D0 /* 041.缺失的第一个正数.swift */; };
		0AC470A42441AF5E00FBA4D0 /* 057.插入区间.swift in Sources */ = {isa = PBXBuildFile; fileRef = 0AC470A32441AF5E00FBA4D0 /* 057.插入区间.swift */; };
		0AC470A62442E94B00FBA4D0 /* 088.合并两个有序数组.swift in Sources */ = {isa = PBXBuildFile; fileRef = 0AC470A52442E94B00FBA4D0 /* 088.合并两个有序数组.swift */; };
		0AC470A82442FFF200FBA4D0 /* 232.用栈实现队列.swift in Sources */ = {isa = PBXBuildFile; fileRef = 0AC470A72442FFF200FBA4D0 /* 232.用栈实现队列.swift */; };
		0AC470AC2443072100FBA4D0 /* 048.旋转图像.swift in Sources */ = {isa = PBXBuildFile; fileRef = 0AC470AB2443072100FBA4D0 /* 048.旋转图像.swift */; };
		0AEC10112453DB20006BFBF4 /* 134.加油站.swift in Sources */ = {isa = PBXBuildFile; fileRef = 0AEC10102453DB20006BFBF4 /* 134.加油站.swift */; };
		0AEC10132453F59B006BFBF4 /* 075.颜色分类.swift in Sources */ = {isa = PBXBuildFile; fileRef = 0AEC10122453F59B006BFBF4 /* 075.颜色分类.swift */; };
		0AEC101524542AD5006BFBF4 /* 125.验证回文串.swift in Sources */ = {isa = PBXBuildFile; fileRef = 0AEC101424542AD5006BFBF4 /* 125.验证回文串.swift */; };
		0AFCABB824551B1D00345F40 /* 079.单词搜索.swift in Sources */ = {isa = PBXBuildFile; fileRef = 0AFCABB724551B1D00345F40 /* 079.单词搜索.swift */; };
		0AFCABBA24555FBD00345F40 /* 012.整数转罗马数字.swift in Sources */ = {isa = PBXBuildFile; fileRef = 0AFCABB924555FBD00345F40 /* 012.整数转罗马数字.swift */; };
		0AFCABBC245576BB00345F40 /* 038.外观数列.swift in Sources */ = {isa = PBXBuildFile; fileRef = 0AFCABBB245576BB00345F40 /* 038.外观数列.swift */; };
		0AFCABBE245682F300345F40 /* 084.柱状图中最大的矩形.swift in Sources */ = {isa = PBXBuildFile; fileRef = 0AFCABBD245682F300345F40 /* 084.柱状图中最大的矩形.swift */; };
/* End PBXBuildFile section */

/* Begin PBXCopyFilesBuildPhase section */
		0A165B7F243DB93900E85723 /* CopyFiles */ = {
			isa = PBXCopyFilesBuildPhase;
			buildActionMask = 2147483647;
			dstPath = /usr/share/man/man1/;
			dstSubfolderSpec = 0;
			files = (
			);
			runOnlyForDeploymentPostprocessing = 1;
		};
/* End PBXCopyFilesBuildPhase section */

/* Begin PBXFileReference section */
		0A023E1A24498D7000885193 /* 006.Z字形变换.swift */ = {isa = PBXFileReference; lastKnownFileType = sourcecode.swift; path = "006.Z字形变换.swift"; sourceTree = "<group>"; };
		0A023E1C2449979B00885193 /* 008.字符串转换整数(atoi).swift */ = {isa = PBXFileReference; lastKnownFileType = sourcecode.swift; path = "008.字符串转换整数(atoi).swift"; sourceTree = "<group>"; };
		0A023E1E2449C56700885193 /* 034.在排序数组中查找元素的第一个和最后一个位置.swift */ = {isa = PBXFileReference; lastKnownFileType = sourcecode.swift; path = "034.在排序数组中查找元素的第一个和最后一个位置.swift"; sourceTree = "<group>"; };
		0A023E20244AD6F500885193 /* 011.盛最多水的容器.swift */ = {isa = PBXFileReference; lastKnownFileType = sourcecode.swift; path = "011.盛最多水的容器.swift"; sourceTree = "<group>"; };
		0A165B81243DB93900E85723 /* leetcode-swift */ = {isa = PBXFileReference; explicitFileType = "compiled.mach-o.executable"; includeInIndex = 0; path = "leetcode-swift"; sourceTree = BUILT_PRODUCTS_DIR; };
		0A165B84243DB93900E85723 /* main.swift */ = {isa = PBXFileReference; lastKnownFileType = sourcecode.swift; path = main.swift; sourceTree = "<group>"; };
		0A165B8B243DB95A00E85723 /* 001.两数之和.swift */ = {isa = PBXFileReference; fileEncoding = 4; lastKnownFileType = sourcecode.swift; path = "001.两数之和.swift"; sourceTree = "<group>"; };
		0A165B8D243DBA0500E85723 /* ListNode.swift */ = {isa = PBXFileReference; fileEncoding = 4; lastKnownFileType = sourcecode.swift; path = ListNode.swift; sourceTree = "<group>"; };
		0A165B8E243DBA0600E85723 /* TreeNode.swift */ = {isa = PBXFileReference; fileEncoding = 4; lastKnownFileType = sourcecode.swift; path = TreeNode.swift; sourceTree = "<group>"; };
		0A165B91243DBA2900E85723 /* 046.全排列.swift */ = {isa = PBXFileReference; fileEncoding = 4; lastKnownFileType = sourcecode.swift; path = "046.全排列.swift"; sourceTree = "<group>"; };
		0A165B92243DBA2900E85723 /* 020.有效的括号.swift */ = {isa = PBXFileReference; fileEncoding = 4; lastKnownFileType = sourcecode.swift; path = "020.有效的括号.swift"; sourceTree = "<group>"; };
		0A165B93243DBA2900E85723 /* 215.数组中的第K个最大元素.swift */ = {isa = PBXFileReference; fileEncoding = 4; lastKnownFileType = sourcecode.swift; path = "215.数组中的第K个最大元素.swift"; sourceTree = "<group>"; };
		0A165B94243DBA2900E85723 /* 102.二叉树的层次遍历.swift */ = {isa = PBXFileReference; fileEncoding = 4; lastKnownFileType = sourcecode.swift; path = "102.二叉树的层次遍历.swift"; sourceTree = "<group>"; };
		0A165B95243DBA2A00E85723 /* 035.搜索插入位置.swift */ = {isa = PBXFileReference; fileEncoding = 4; lastKnownFileType = sourcecode.swift; path = "035.搜索插入位置.swift"; sourceTree = "<group>"; };
		0A165B96243DBA2A00E85723 /* 225.用队列实现栈.swift */ = {isa = PBXFileReference; fileEncoding = 4; lastKnownFileType = sourcecode.swift; path = "225.用队列实现栈.swift"; sourceTree = "<group>"; };
		0A165B97243DBA2A00E85723 /* 面试题40.最小的k个数.swift */ = {isa = PBXFileReference; fileEncoding = 4; lastKnownFileType = sourcecode.swift; path = "面试题40.最小的k个数.swift"; sourceTree = "<group>"; };
		0A165B98243DBA2A00E85723 /* 160.相交链表.swift */ = {isa = PBXFileReference; fileEncoding = 4; lastKnownFileType = sourcecode.swift; path = "160.相交链表.swift"; sourceTree = "<group>"; };
		0A165B99243DBA2A00E85723 /* 177.第N高的薪水.swift */ = {isa = PBXFileReference; fileEncoding = 4; lastKnownFileType = sourcecode.swift; path = "177.第N高的薪水.swift"; sourceTree = "<group>"; };
		0A165B9A243DBA2A00E85723 /* 104.二叉树的最大深度.swift */ = {isa = PBXFileReference; fileEncoding = 4; lastKnownFileType = sourcecode.swift; path = "104.二叉树的最大深度.swift"; sourceTree = "<group>"; };
		0A165B9B243DBA2A00E85723 /* 070.爬楼梯.swift */ = {isa = PBXFileReference; fileEncoding = 4; lastKnownFileType = sourcecode.swift; path = "070.爬楼梯.swift"; sourceTree = "<group>"; };
		0A165B9C243DBA2A00E85723 /* 146.LRU缓存机制.swift */ = {isa = PBXFileReference; fileEncoding = 4; lastKnownFileType = sourcecode.swift; path = "146.LRU缓存机制.swift"; sourceTree = "<group>"; };
		0A165B9D243DBA2A00E85723 /* 053.最大子序和.swift */ = {isa = PBXFileReference; fileEncoding = 4; lastKnownFileType = sourcecode.swift; path = "053.最大子序和.swift"; sourceTree = "<group>"; };
		0A165B9E243DBA2A00E85723 /* 182.查找重复的电子邮箱.swift */ = {isa = PBXFileReference; fileEncoding = 4; lastKnownFileType = sourcecode.swift; path = "182.查找重复的电子邮箱.swift"; sourceTree = "<group>"; };
		0A165B9F243DBA2A00E85723 /* 026.删除排序数组中的重复项.swift */ = {isa = PBXFileReference; fileEncoding = 4; lastKnownFileType = sourcecode.swift; path = "026.删除排序数组中的重复项.swift"; sourceTree = "<group>"; };
		0A165BA0243DBA2A00E85723 /* 094.二叉树的中序遍历.swift */ = {isa = PBXFileReference; fileEncoding = 4; lastKnownFileType = sourcecode.swift; path = "094.二叉树的中序遍历.swift"; sourceTree = "<group>"; };
		0A165BA1243DBA2A00E85723 /* 028.实现strStr().swift */ = {isa = PBXFileReference; fileEncoding = 4; lastKnownFileType = sourcecode.swift; path = "028.实现strStr().swift"; sourceTree = "<group>"; };
		0A165BA2243DBA2A00E85723 /* 101.对称二叉树.swift */ = {isa = PBXFileReference; fileEncoding = 4; lastKnownFileType = sourcecode.swift; path = "101.对称二叉树.swift"; sourceTree = "<group>"; };
		0A165BA3243DBA2A00E85723 /* 110.平衡二叉树.swift */ = {isa = PBXFileReference; fileEncoding = 4; lastKnownFileType = sourcecode.swift; path = "110.平衡二叉树.swift"; sourceTree = "<group>"; };
		0A165BA4243DBA2A00E85723 /* 032.最长有效括号.swift */ = {isa = PBXFileReference; fileEncoding = 4; lastKnownFileType = sourcecode.swift; path = "032.最长有效括号.swift"; sourceTree = "<group>"; };
		0A165BA5243DBA2A00E85723 /* 135.分发糖果.swift */ = {isa = PBXFileReference; fileEncoding = 4; lastKnownFileType = sourcecode.swift; path = "135.分发糖果.swift"; sourceTree = "<group>"; };
		0A165BA6243DBA2B00E85723 /* 015.三数之和.swift */ = {isa = PBXFileReference; fileEncoding = 4; lastKnownFileType = sourcecode.swift; path = "015.三数之和.swift"; sourceTree = "<group>"; };
		0A165BA7243DBA2B00E85723 /* 199.二叉树的右视图.swift */ = {isa = PBXFileReference; fileEncoding = 4; lastKnownFileType = sourcecode.swift; path = "199.二叉树的右视图.swift"; sourceTree = "<group>"; };
		0A165BA8243DBA2B00E85723 /* 226.翻转二叉树.swift */ = {isa = PBXFileReference; fileEncoding = 4; lastKnownFileType = sourcecode.swift; path = "226.翻转二叉树.swift"; sourceTree = "<group>"; };
		0A165BA9243DBA2B00E85723 /* 056.合并区间.swift */ = {isa = PBXFileReference; fileEncoding = 4; lastKnownFileType = sourcecode.swift; path = "056.合并区间.swift"; sourceTree = "<group>"; };
		0A165BAA243DBA2B00E85723 /* 204.计数质数.swift */ = {isa = PBXFileReference; fileEncoding = 4; lastKnownFileType = sourcecode.swift; path = "204.计数质数.swift"; sourceTree = "<group>"; };
		0A165BAB243DBA2B00E85723 /* 009.回文数.swift */ = {isa = PBXFileReference; fileEncoding = 4; lastKnownFileType = sourcecode.swift; path = "009.回文数.swift"; sourceTree = "<group>"; };
		0A165BAC243DBA2B00E85723 /* 024.两两交换链表中的节点.swift */ = {isa = PBXFileReference; fileEncoding = 4; lastKnownFileType = sourcecode.swift; path = "024.两两交换链表中的节点.swift"; sourceTree = "<group>"; };
		0A165BAD243DBA2B00E85723 /* 083.删除排序链表中的重复元素.swift */ = {isa = PBXFileReference; fileEncoding = 4; lastKnownFileType = sourcecode.swift; path = "083.删除排序链表中的重复元素.swift"; sourceTree = "<group>"; };
		0A165BAE243DBA2B00E85723 /* 042.接雨水.swift */ = {isa = PBXFileReference; fileEncoding = 4; lastKnownFileType = sourcecode.swift; path = "042.接雨水.swift"; sourceTree = "<group>"; };
		0A165BAF243DBA2B00E85723 /* 112.路径总和.swift */ = {isa = PBXFileReference; fileEncoding = 4; lastKnownFileType = sourcecode.swift; path = "112.路径总和.swift"; sourceTree = "<group>"; };
		0A165BB0243DBA2B00E85723 /* 169.多数元素.swift */ = {isa = PBXFileReference; fileEncoding = 4; lastKnownFileType = sourcecode.swift; path = "169.多数元素.swift"; sourceTree = "<group>"; };
		0A165BB1243DBA2B00E85723 /* 021.合并两个有序链表.swift */ = {isa = PBXFileReference; fileEncoding = 4; lastKnownFileType = sourcecode.swift; path = "021.合并两个有序链表.swift"; sourceTree = "<group>"; };
		0A165BB2243DBA2B00E85723 /* 019.删除链表的倒数第N个节点.swift */ = {isa = PBXFileReference; fileEncoding = 4; lastKnownFileType = sourcecode.swift; path = "019.删除链表的倒数第N个节点.swift"; sourceTree = "<group>"; };
		0A165BB3243DBA2C00E85723 /* 027.移除元素.swift */ = {isa = PBXFileReference; fileEncoding = 4; lastKnownFileType = sourcecode.swift; path = "027.移除元素.swift"; sourceTree = "<group>"; };
		0A165BB4243DBA2C00E85723 /* 082.删除排序链表中的重复元素II.swift */ = {isa = PBXFileReference; fileEncoding = 4; lastKnownFileType = sourcecode.swift; path = "082.删除排序链表中的重复元素II.swift"; sourceTree = "<group>"; };
		0A165BB5243DBA2C00E85723 /* 003.无重复字符的最长子串.swift */ = {isa = PBXFileReference; fileEncoding = 4; lastKnownFileType = sourcecode.swift; path = "003.无重复字符的最长子串.swift"; sourceTree = "<group>"; };
		0A165BB6243DBA2C00E85723 /* 144.二叉树的前序遍历.swift */ = {isa = PBXFileReference; fileEncoding = 4; lastKnownFileType = sourcecode.swift; path = "144.二叉树的前序遍历.swift"; sourceTree = "<group>"; };
		0A165BB7243DBA2C00E85723 /* 039.组合总和.swift */ = {isa = PBXFileReference; fileEncoding = 4; lastKnownFileType = sourcecode.swift; path = "039.组合总和.swift"; sourceTree = "<group>"; };
		0A165BB8243DBA2C00E85723 /* 100.相同的树.swift */ = {isa = PBXFileReference; fileEncoding = 4; lastKnownFileType = sourcecode.swift; path = "100.相同的树.swift"; sourceTree = "<group>"; };
		0A165BB9243DBA2C00E85723 /* 219.存在重复元素II.swift */ = {isa = PBXFileReference; fileEncoding = 4; lastKnownFileType = sourcecode.swift; path = "219.存在重复元素II.swift"; sourceTree = "<group>"; };
		0A165BBA243DBA2C00E85723 /* 196.删除重复的电子邮箱.swift */ = {isa = PBXFileReference; fileEncoding = 4; lastKnownFileType = sourcecode.swift; path = "196.删除重复的电子邮箱.swift"; sourceTree = "<group>"; };
		0A165BBB243DBA2C00E85723 /* 136.只出现一次的数字.swift */ = {isa = PBXFileReference; fileEncoding = 4; lastKnownFileType = sourcecode.swift; path = "136.只出现一次的数字.swift"; sourceTree = "<group>"; };
		0A165BBC243DBA2C00E85723 /* 141.环形链表.swift */ = {isa = PBXFileReference; fileEncoding = 4; lastKnownFileType = sourcecode.swift; path = "141.环形链表.swift"; sourceTree = "<group>"; };
		0A165BBD243DBA2C00E85723 /* 066.加一.swift */ = {isa = PBXFileReference; fileEncoding = 4; lastKnownFileType = sourcecode.swift; path = "066.加一.swift"; sourceTree = "<group>"; };
		0A165BBE243DBA2C00E85723 /* 058.最后一个单词的长度.swift */ = {isa = PBXFileReference; fileEncoding = 4; lastKnownFileType = sourcecode.swift; path = "058.最后一个单词的长度.swift"; sourceTree = "<group>"; };
		0A165BBF243DBA2D00E85723 /* 007.整数反转.swift */ = {isa = PBXFileReference; fileEncoding = 4; lastKnownFileType = sourcecode.swift; path = "007.整数反转.swift"; sourceTree = "<group>"; };
		0A165BC0243DBA2D00E85723 /* 176.第二高的薪水.swift */ = {isa = PBXFileReference; fileEncoding = 4; lastKnownFileType = sourcecode.swift; path = "176.第二高的薪水.swift"; sourceTree = "<group>"; };
		0A165BC1243DBA2D00E85723 /* 061.旋转链表.swift */ = {isa = PBXFileReference; fileEncoding = 4; lastKnownFileType = sourcecode.swift; path = "061.旋转链表.swift"; sourceTree = "<group>"; };
		0A165BC2243DBA2D00E85723 /* 142.环形链表II.swift */ = {isa = PBXFileReference; fileEncoding = 4; lastKnownFileType = sourcecode.swift; path = "142.环形链表II.swift"; sourceTree = "<group>"; };
		0A165BC3243DBA2D00E85723 /* 206.反转链表.swift */ = {isa = PBXFileReference; fileEncoding = 4; lastKnownFileType = sourcecode.swift; path = "206.反转链表.swift"; sourceTree = "<group>"; };
		0A165BC4243DBA2D00E85723 /* 014.最长公共前缀.swift */ = {isa = PBXFileReference; fileEncoding = 4; lastKnownFileType = sourcecode.swift; path = "014.最长公共前缀.swift"; sourceTree = "<group>"; };
		0A165BC5243DBA2D00E85723 /* 005.最长回文子串.swift */ = {isa = PBXFileReference; fileEncoding = 4; lastKnownFileType = sourcecode.swift; path = "005.最长回文子串.swift"; sourceTree = "<group>"; };
		0A165BC6243DBA2D00E85723 /* 175.组合两个表.swift */ = {isa = PBXFileReference; fileEncoding = 4; lastKnownFileType = sourcecode.swift; path = "175.组合两个表.swift"; sourceTree = "<group>"; };
		0A165BC7243DBA2D00E85723 /* 069.x的平方根.swift */ = {isa = PBXFileReference; fileEncoding = 4; lastKnownFileType = sourcecode.swift; path = "069.x的平方根.swift"; sourceTree = "<group>"; };
		0A165BC8243DBA2D00E85723 /* 067.二进制求和.swift */ = {isa = PBXFileReference; fileEncoding = 4; lastKnownFileType = sourcecode.swift; path = "067.二进制求和.swift"; sourceTree = "<group>"; };
		0A165BC9243DBA2D00E85723 /* 349.两个数组的交集.swift */ = {isa = PBXFileReference; fileEncoding = 4; lastKnownFileType = sourcecode.swift; path = "349.两个数组的交集.swift"; sourceTree = "<group>"; };
		0A165BCA243DBA2D00E85723 /* 203.移除链表元素.swift */ = {isa = PBXFileReference; fileEncoding = 4; lastKnownFileType = sourcecode.swift; path = "203.移除链表元素.swift"; sourceTree = "<group>"; };
		0A1CA0FB2451435D002D92E2 /* 198.打家劫舍.swift */ = {isa = PBXFileReference; lastKnownFileType = sourcecode.swift; path = "198.打家劫舍.swift"; sourceTree = "<group>"; };
		0A5710E8244AE2D00029BB2C /* 016.最接近的三数之和.swift */ = {isa = PBXFileReference; lastKnownFileType = sourcecode.swift; path = "016.最接近的三数之和.swift"; sourceTree = "<group>"; };
		0A5710EA244AFA1F0029BB2C /* 037.解数独.swift */ = {isa = PBXFileReference; lastKnownFileType = sourcecode.swift; path = "037.解数独.swift"; sourceTree = "<group>"; };
		0A5710EC244C27BD0029BB2C /* 113.路径总和II.swift */ = {isa = PBXFileReference; lastKnownFileType = sourcecode.swift; path = "113.路径总和II.swift"; sourceTree = "<group>"; };
		0A5710EE244C39150029BB2C /* 031.下一个排列.swift */ = {isa = PBXFileReference; lastKnownFileType = sourcecode.swift; path = "031.下一个排列.swift"; sourceTree = "<group>"; };
		0A5710F0244D772A0029BB2C /* 200.岛屿数量.swift */ = {isa = PBXFileReference; lastKnownFileType = sourcecode.swift; path = "200.岛屿数量.swift"; sourceTree = "<group>"; };
		0A5710F2244D7E300029BB2C /* 063.不同路径II.swift */ = {isa = PBXFileReference; lastKnownFileType = sourcecode.swift; path = "063.不同路径II.swift"; sourceTree = "<group>"; };
		0A5710F4244D87530029BB2C /* 054.螺旋矩阵.swift */ = {isa = PBXFileReference; lastKnownFileType = sourcecode.swift; path = "054.螺旋矩阵.swift"; sourceTree = "<group>"; };
		0A5710F6244D978C0029BB2C /* 040.组合总和II.swift */ = {isa = PBXFileReference; lastKnownFileType = sourcecode.swift; path = "040.组合总和II.swift"; sourceTree = "<group>"; };
		0A5710F8244DA77D0029BB2C /* 059.螺旋矩阵II.swift */ = {isa = PBXFileReference; lastKnownFileType = sourcecode.swift; path = "059.螺旋矩阵II.swift"; sourceTree = "<group>"; };
		0A5710FC244DCF880029BB2C /* insertion.swift */ = {isa = PBXFileReference; lastKnownFileType = sourcecode.swift; path = insertion.swift; sourceTree = "<group>"; };
		0A5710FE244DD2490029BB2C /* bubble.swift */ = {isa = PBXFileReference; lastKnownFileType = sourcecode.swift; path = bubble.swift; sourceTree = "<group>"; };
		0A571104244DD5CA0029BB2C /* selection.swift */ = {isa = PBXFileReference; lastKnownFileType = sourcecode.swift; path = selection.swift; sourceTree = "<group>"; };
		0A571106244DDADD0029BB2C /* quick.swift */ = {isa = PBXFileReference; lastKnownFileType = sourcecode.swift; path = quick.swift; sourceTree = "<group>"; };
		0A571108244E91AA0029BB2C /* 073.矩阵置零.swift */ = {isa = PBXFileReference; lastKnownFileType = sourcecode.swift; path = "073.矩阵置零.swift"; sourceTree = "<group>"; };
		0A57110A244EA6EF0029BB2C /* 155.最小栈.swift */ = {isa = PBXFileReference; lastKnownFileType = sourcecode.swift; path = "155.最小栈.swift"; sourceTree = "<group>"; };
		0A57110C244EF4E10029BB2C /* 036.有效的数独.swift */ = {isa = PBXFileReference; lastKnownFileType = sourcecode.swift; path = "036.有效的数独.swift"; sourceTree = "<group>"; };
		0A57110E244FE0830029BB2C /* 167.两数之和II-输入有序数组.swift */ = {isa = PBXFileReference; lastKnownFileType = sourcecode.swift; path = "167.两数之和II-输入有序数组.swift"; sourceTree = "<group>"; };
		0A571110244FEA580029BB2C /* 107.二叉树的层次遍历II.swift */ = {isa = PBXFileReference; lastKnownFileType = sourcecode.swift; path = "107.二叉树的层次遍历II.swift"; sourceTree = "<group>"; };
		0A571114245022BD0029BB2C /* 092.反转链表II.swift */ = {isa = PBXFileReference; lastKnownFileType = sourcecode.swift; path = "092.反转链表II.swift"; sourceTree = "<group>"; };
		0A571118245038F40029BB2C /* 114.二叉树展开为链表.swift */ = {isa = PBXFileReference; lastKnownFileType = sourcecode.swift; path = "114.二叉树展开为链表.swift"; sourceTree = "<group>"; };
		0A57111A24512E890029BB2C /* 189.旋转数组.swift */ = {isa = PBXFileReference; lastKnownFileType = sourcecode.swift; path = "189.旋转数组.swift"; sourceTree = "<group>"; };
		0A6FBCC52448B2F500B29C7E /* 543.二叉树的直径.swift */ = {isa = PBXFileReference; lastKnownFileType = sourcecode.swift; path = "543.二叉树的直径.swift"; sourceTree = "<group>"; };
		0A94C8972452C78300A59E17 /* 252.会议室.swift */ = {isa = PBXFileReference; lastKnownFileType = sourcecode.swift; path = "252.会议室.swift"; sourceTree = "<group>"; };
		0A94C8992452D17900A59E17 /* 1089.复写零.swift */ = {isa = PBXFileReference; lastKnownFileType = sourcecode.swift; path = "1089.复写零.swift"; sourceTree = "<group>"; };
		0A94C89B2452E6E100A59E17 /* 111.二叉树的最小深度.swift */ = {isa = PBXFileReference; lastKnownFileType = sourcecode.swift; path = "111.二叉树的最小深度.swift"; sourceTree = "<group>"; };
		0A9FB8182444041900359364 /* 062.不同路径.swift */ = {isa = PBXFileReference; lastKnownFileType = sourcecode.swift; path = "062.不同路径.swift"; sourceTree = "<group>"; };
		0A9FB81A2444143C00359364 /* 064.最小路径和.swift */ = {isa = PBXFileReference; lastKnownFileType = sourcecode.swift; path = "064.最小路径和.swift"; sourceTree = "<group>"; };
		0A9FB821244468EA00359364 /* 051.N皇后.swift */ = {isa = PBXFileReference; lastKnownFileType = sourcecode.swift; path = "051.N皇后.swift"; sourceTree = "<group>"; };
		0A9FB823244552E700359364 /* 077.组合.swift */ = {isa = PBXFileReference; lastKnownFileType = sourcecode.swift; path = "077.组合.swift"; sourceTree = "<group>"; };
		0A9FB825244567B300359364 /* 078.子集.swift */ = {isa = PBXFileReference; lastKnownFileType = sourcecode.swift; path = "078.子集.swift"; sourceTree = "<group>"; };
		0A9FB82724458F8D00359364 /* 022.括号生成.swift */ = {isa = PBXFileReference; lastKnownFileType = sourcecode.swift; path = "022.括号生成.swift"; sourceTree = "<group>"; };
		0A9FB8292445A23300359364 /* 093.复原IP地址.swift */ = {isa = PBXFileReference; lastKnownFileType = sourcecode.swift; path = "093.复原IP地址.swift"; sourceTree = "<group>"; };
		0A9FB82B2445C93C00359364 /* 118.杨辉三角.swift */ = {isa = PBXFileReference; lastKnownFileType = sourcecode.swift; path = "118.杨辉三角.swift"; sourceTree = "<group>"; };
		0A9FB82D2445E11C00359364 /* 442.数组中重复的数据.swift */ = {isa = PBXFileReference; lastKnownFileType = sourcecode.swift; path = "442.数组中重复的数据.swift"; sourceTree = "<group>"; };
		0A9FB82F2445F4A900359364 /* 389.找不同.swift */ = {isa = PBXFileReference; lastKnownFileType = sourcecode.swift; path = "389.找不同.swift"; sourceTree = "<group>"; };
		0A9FB8312446A9A000359364 /* 129.求根到叶子节点数字之和.swift */ = {isa = PBXFileReference; lastKnownFileType = sourcecode.swift; path = "129.求根到叶子节点数字之和.swift"; sourceTree = "<group>"; };
		0A9FB8332446B3A000359364 /* 222.完全二叉树的节点个数.swift */ = {isa = PBXFileReference; lastKnownFileType = sourcecode.swift; path = "222.完全二叉树的节点个数.swift"; sourceTree = "<group>"; };
		0A9FB8352446B9B100359364 /* 217.存在重复元素.swift */ = {isa = PBXFileReference; lastKnownFileType = sourcecode.swift; path = "217.存在重复元素.swift"; sourceTree = "<group>"; };
		0A9FB8372446E04100359364 /* 060.第k个排列.swift */ = {isa = PBXFileReference; lastKnownFileType = sourcecode.swift; path = "060.第k个排列.swift"; sourceTree = "<group>"; };
		0A9FB8392447170E00359364 /* 043.字符串相乘.swift */ = {isa = PBXFileReference; lastKnownFileType = sourcecode.swift; path = "043.字符串相乘.swift"; sourceTree = "<group>"; };
		0A9FB83B2448038200359364 /* 1346.检查整数及其两倍数是否存在.swift */ = {isa = PBXFileReference; lastKnownFileType = sourcecode.swift; path = "1346.检查整数及其两倍数是否存在.swift"; sourceTree = "<group>"; };
		0A9FB83D24480FCB00359364 /* 148.排序链表.swift */ = {isa = PBXFileReference; lastKnownFileType = sourcecode.swift; path = "148.排序链表.swift"; sourceTree = "<group>"; };
		0A9FB83F2448541400359364 /* 071.简化路径.swift */ = {isa = PBXFileReference; lastKnownFileType = sourcecode.swift; path = "071.简化路径.swift"; sourceTree = "<group>"; };
		0A9FB8412448688600359364 /* 072.编辑距离.swift */ = {isa = PBXFileReference; lastKnownFileType = sourcecode.swift; path = "072.编辑距离.swift"; sourceTree = "<group>"; };
		0A9FB843244950ED00359364 /* 202.快乐数.swift */ = {isa = PBXFileReference; lastKnownFileType = sourcecode.swift; path = "202.快乐数.swift"; sourceTree = "<group>"; };
		0AC4708B243EB72300FBA4D0 /* 098.验证二叉搜索树.swift */ = {isa = PBXFileReference; lastKnownFileType = sourcecode.swift; path = "098.验证二叉搜索树.swift"; sourceTree = "<group>"; };
		0AC4708D243EF8C200FBA4D0 /* 121.买卖股票的最佳时机.swift */ = {isa = PBXFileReference; lastKnownFileType = sourcecode.swift; path = "121.买卖股票的最佳时机.swift"; sourceTree = "<group>"; };
		0AC4708F243F02A400FBA4D0 /* 322.零钱兑换.swift */ = {isa = PBXFileReference; lastKnownFileType = sourcecode.swift; path = "322.零钱兑换.swift"; sourceTree = "<group>"; };
		0AC47091243F0FE300FBA4D0 /* 033.搜索旋转排序数组.swift */ = {isa = PBXFileReference; lastKnownFileType = sourcecode.swift; path = "033.搜索旋转排序数组.swift"; sourceTree = "<group>"; };
		0AC4709324400E2400FBA4D0 /* 023.合并K个排序链表.swift */ = {isa = PBXFileReference; lastKnownFileType = sourcecode.swift; path = "023.合并K个排序链表.swift"; sourceTree = "<group>"; };
		0AC470972440234E00FBA4D0 /* 122.买卖股票的最佳时机II.swift */ = {isa = PBXFileReference; lastKnownFileType = sourcecode.swift; path = "122.买卖股票的最佳时机II.swift"; sourceTree = "<group>"; };
		0AC470992440577100FBA4D0 /* 103.二叉树的锯齿形层次遍历.swift */ = {isa = PBXFileReference; lastKnownFileType = sourcecode.swift; path = "103.二叉树的锯齿形层次遍历.swift"; sourceTree = "<group>"; };
		0AC4709B24417F4600FBA4D0 /* 002.两数相加.swift */ = {isa = PBXFileReference; lastKnownFileType = sourcecode.swift; path = "002.两数相加.swift"; sourceTree = "<group>"; };
		0AC4709D24418F9400FBA4D0 /* 041.缺失的第一个正数.swift */ = {isa = PBXFileReference; lastKnownFileType = sourcecode.swift; path = "041.缺失的第一个正数.swift"; sourceTree = "<group>"; };
		0AC470A32441AF5E00FBA4D0 /* 057.插入区间.swift */ = {isa = PBXFileReference; lastKnownFileType = sourcecode.swift; path = "057.插入区间.swift"; sourceTree = "<group>"; };
		0AC470A52442E94B00FBA4D0 /* 088.合并两个有序数组.swift */ = {isa = PBXFileReference; lastKnownFileType = sourcecode.swift; path = "088.合并两个有序数组.swift"; sourceTree = "<group>"; };
		0AC470A72442FFF200FBA4D0 /* 232.用栈实现队列.swift */ = {isa = PBXFileReference; lastKnownFileType = sourcecode.swift; path = "232.用栈实现队列.swift"; sourceTree = "<group>"; };
		0AC470AB2443072100FBA4D0 /* 048.旋转图像.swift */ = {isa = PBXFileReference; lastKnownFileType = sourcecode.swift; path = "048.旋转图像.swift"; sourceTree = "<group>"; };
		0AEC10102453DB20006BFBF4 /* 134.加油站.swift */ = {isa = PBXFileReference; lastKnownFileType = sourcecode.swift; path = "134.加油站.swift"; sourceTree = "<group>"; };
		0AEC10122453F59B006BFBF4 /* 075.颜色分类.swift */ = {isa = PBXFileReference; lastKnownFileType = sourcecode.swift; path = "075.颜色分类.swift"; sourceTree = "<group>"; };
		0AEC101424542AD5006BFBF4 /* 125.验证回文串.swift */ = {isa = PBXFileReference; lastKnownFileType = sourcecode.swift; path = "125.验证回文串.swift"; sourceTree = "<group>"; };
		0AFCABB724551B1D00345F40 /* 079.单词搜索.swift */ = {isa = PBXFileReference; lastKnownFileType = sourcecode.swift; path = "079.单词搜索.swift"; sourceTree = "<group>"; };
		0AFCABB924555FBD00345F40 /* 012.整数转罗马数字.swift */ = {isa = PBXFileReference; lastKnownFileType = sourcecode.swift; path = "012.整数转罗马数字.swift"; sourceTree = "<group>"; };
		0AFCABBB245576BB00345F40 /* 038.外观数列.swift */ = {isa = PBXFileReference; lastKnownFileType = sourcecode.swift; path = "038.外观数列.swift"; sourceTree = "<group>"; };
		0AFCABBD245682F300345F40 /* 084.柱状图中最大的矩形.swift */ = {isa = PBXFileReference; lastKnownFileType = sourcecode.swift; path = "084.柱状图中最大的矩形.swift"; sourceTree = "<group>"; };
/* End PBXFileReference section */

/* Begin PBXFrameworksBuildPhase section */
		0A165B7E243DB93900E85723 /* Frameworks */ = {
			isa = PBXFrameworksBuildPhase;
			buildActionMask = 2147483647;
			files = (
			);
			runOnlyForDeploymentPostprocessing = 0;
		};
/* End PBXFrameworksBuildPhase section */

/* Begin PBXGroup section */
		0A165B78243DB93900E85723 = {
			isa = PBXGroup;
			children = (
				0A165B83243DB93900E85723 /* leetcode-swift */,
				0A165B82243DB93900E85723 /* Products */,
			);
			sourceTree = "<group>";
		};
		0A165B82243DB93900E85723 /* Products */ = {
			isa = PBXGroup;
			children = (
				0A165B81243DB93900E85723 /* leetcode-swift */,
			);
			name = Products;
			sourceTree = "<group>";
		};
		0A165B83243DB93900E85723 /* leetcode-swift */ = {
			isa = PBXGroup;
			children = (
				0A5710FA244DCF290029BB2C /* extera */,
				0A165B84243DB93900E85723 /* main.swift */,
				0A165B8D243DBA0500E85723 /* ListNode.swift */,
				0A165B8E243DBA0600E85723 /* TreeNode.swift */,
				0A165B8B243DB95A00E85723 /* 001.两数之和.swift */,
				0AC4709B24417F4600FBA4D0 /* 002.两数相加.swift */,
				0A165BB5243DBA2C00E85723 /* 003.无重复字符的最长子串.swift */,
				0A165BC5243DBA2D00E85723 /* 005.最长回文子串.swift */,
				0A023E1A24498D7000885193 /* 006.Z字形变换.swift */,
				0A165BBF243DBA2D00E85723 /* 007.整数反转.swift */,
				0A023E1C2449979B00885193 /* 008.字符串转换整数(atoi).swift */,
				0A165BAB243DBA2B00E85723 /* 009.回文数.swift */,
				0A023E20244AD6F500885193 /* 011.盛最多水的容器.swift */,
				0AFCABB924555FBD00345F40 /* 012.整数转罗马数字.swift */,
				0A165BC4243DBA2D00E85723 /* 014.最长公共前缀.swift */,
				0A165BA6243DBA2B00E85723 /* 015.三数之和.swift */,
				0A5710E8244AE2D00029BB2C /* 016.最接近的三数之和.swift */,
				0A165BB2243DBA2B00E85723 /* 019.删除链表的倒数第N个节点.swift */,
				0A165B92243DBA2900E85723 /* 020.有效的括号.swift */,
				0A9FB82724458F8D00359364 /* 022.括号生成.swift */,
				0A165BB1243DBA2B00E85723 /* 021.合并两个有序链表.swift */,
				0AC4709324400E2400FBA4D0 /* 023.合并K个排序链表.swift */,
				0A165BAC243DBA2B00E85723 /* 024.两两交换链表中的节点.swift */,
				0A165B9F243DBA2A00E85723 /* 026.删除排序数组中的重复项.swift */,
				0A165BB3243DBA2C00E85723 /* 027.移除元素.swift */,
				0A165BA1243DBA2A00E85723 /* 028.实现strStr().swift */,
				0A5710EE244C39150029BB2C /* 031.下一个排列.swift */,
				0A165BA4243DBA2A00E85723 /* 032.最长有效括号.swift */,
				0AC47091243F0FE300FBA4D0 /* 033.搜索旋转排序数组.swift */,
				0A023E1E2449C56700885193 /* 034.在排序数组中查找元素的第一个和最后一个位置.swift */,
				0A165B95243DBA2A00E85723 /* 035.搜索插入位置.swift */,
				0A57110C244EF4E10029BB2C /* 036.有效的数独.swift */,
				0A5710EA244AFA1F0029BB2C /* 037.解数独.swift */,
				0AFCABBB245576BB00345F40 /* 038.外观数列.swift */,
				0A165BB7243DBA2C00E85723 /* 039.组合总和.swift */,
				0A5710F6244D978C0029BB2C /* 040.组合总和II.swift */,
				0AC4709D24418F9400FBA4D0 /* 041.缺失的第一个正数.swift */,
				0A165BAE243DBA2B00E85723 /* 042.接雨水.swift */,
				0A9FB8392447170E00359364 /* 043.字符串相乘.swift */,
				0A165B91243DBA2900E85723 /* 046.全排列.swift */,
				0AC470AB2443072100FBA4D0 /* 048.旋转图像.swift */,
				0A9FB821244468EA00359364 /* 051.N皇后.swift */,
				0A165B9D243DBA2A00E85723 /* 053.最大子序和.swift */,
				0A5710F4244D87530029BB2C /* 054.螺旋矩阵.swift */,
				0A165BA9243DBA2B00E85723 /* 056.合并区间.swift */,
				0AC470A32441AF5E00FBA4D0 /* 057.插入区间.swift */,
				0A165BBE243DBA2C00E85723 /* 058.最后一个单词的长度.swift */,
				0A5710F8244DA77D0029BB2C /* 059.螺旋矩阵II.swift */,
				0A9FB8372446E04100359364 /* 060.第k个排列.swift */,
				0A165BC1243DBA2D00E85723 /* 061.旋转链表.swift */,
				0A9FB8182444041900359364 /* 062.不同路径.swift */,
				0A5710F2244D7E300029BB2C /* 063.不同路径II.swift */,
				0A9FB81A2444143C00359364 /* 064.最小路径和.swift */,
				0A165BBD243DBA2C00E85723 /* 066.加一.swift */,
				0A165BC8243DBA2D00E85723 /* 067.二进制求和.swift */,
				0A165BC7243DBA2D00E85723 /* 069.x的平方根.swift */,
				0A165B9B243DBA2A00E85723 /* 070.爬楼梯.swift */,
				0A9FB83F2448541400359364 /* 071.简化路径.swift */,
				0A9FB8412448688600359364 /* 072.编辑距离.swift */,
				0A571108244E91AA0029BB2C /* 073.矩阵置零.swift */,
				0AEC10122453F59B006BFBF4 /* 075.颜色分类.swift */,
				0A9FB823244552E700359364 /* 077.组合.swift */,
				0A9FB825244567B300359364 /* 078.子集.swift */,
				0AFCABB724551B1D00345F40 /* 079.单词搜索.swift */,
				0A165BB4243DBA2C00E85723 /* 082.删除排序链表中的重复元素II.swift */,
				0A165BAD243DBA2B00E85723 /* 083.删除排序链表中的重复元素.swift */,
				0AFCABBD245682F300345F40 /* 084.柱状图中最大的矩形.swift */,
				0AC470A52442E94B00FBA4D0 /* 088.合并两个有序数组.swift */,
				0A571114245022BD0029BB2C /* 092.反转链表II.swift */,
				0A9FB8292445A23300359364 /* 093.复原IP地址.swift */,
				0A165BA0243DBA2A00E85723 /* 094.二叉树的中序遍历.swift */,
				0AC4708B243EB72300FBA4D0 /* 098.验证二叉搜索树.swift */,
				0A165BB8243DBA2C00E85723 /* 100.相同的树.swift */,
				0A165BA2243DBA2A00E85723 /* 101.对称二叉树.swift */,
				0A165B94243DBA2900E85723 /* 102.二叉树的层次遍历.swift */,
				0AC470992440577100FBA4D0 /* 103.二叉树的锯齿形层次遍历.swift */,
				0A165B9A243DBA2A00E85723 /* 104.二叉树的最大深度.swift */,
				0A571110244FEA580029BB2C /* 107.二叉树的层次遍历II.swift */,
				0A165BA3243DBA2A00E85723 /* 110.平衡二叉树.swift */,
				0A94C89B2452E6E100A59E17 /* 111.二叉树的最小深度.swift */,
				0A165BAF243DBA2B00E85723 /* 112.路径总和.swift */,
				0A5710EC244C27BD0029BB2C /* 113.路径总和II.swift */,
				0A571118245038F40029BB2C /* 114.二叉树展开为链表.swift */,
				0A9FB82B2445C93C00359364 /* 118.杨辉三角.swift */,
				0AC4708D243EF8C200FBA4D0 /* 121.买卖股票的最佳时机.swift */,
				0AC470972440234E00FBA4D0 /* 122.买卖股票的最佳时机II.swift */,
				0AEC101424542AD5006BFBF4 /* 125.验证回文串.swift */,
				0A9FB8312446A9A000359364 /* 129.求根到叶子节点数字之和.swift */,
				0AEC10102453DB20006BFBF4 /* 134.加油站.swift */,
				0A165BA5243DBA2A00E85723 /* 135.分发糖果.swift */,
				0A165BBB243DBA2C00E85723 /* 136.只出现一次的数字.swift */,
				0A165BBC243DBA2C00E85723 /* 141.环形链表.swift */,
				0A165BC2243DBA2D00E85723 /* 142.环形链表II.swift */,
				0A165BB6243DBA2C00E85723 /* 144.二叉树的前序遍历.swift */,
				0A165B9C243DBA2A00E85723 /* 146.LRU缓存机制.swift */,
				0A9FB83D24480FCB00359364 /* 148.排序链表.swift */,
				0A57110A244EA6EF0029BB2C /* 155.最小栈.swift */,
				0A165B98243DBA2A00E85723 /* 160.相交链表.swift */,
				0A57110E244FE0830029BB2C /* 167.两数之和II-输入有序数组.swift */,
				0A165BB0243DBA2B00E85723 /* 169.多数元素.swift */,
				0A165BC6243DBA2D00E85723 /* 175.组合两个表.swift */,
				0A165BC0243DBA2D00E85723 /* 176.第二高的薪水.swift */,
				0A165B99243DBA2A00E85723 /* 177.第N高的薪水.swift */,
				0A165B9E243DBA2A00E85723 /* 182.查找重复的电子邮箱.swift */,
				0A57111A24512E890029BB2C /* 189.旋转数组.swift */,
				0A165BBA243DBA2C00E85723 /* 196.删除重复的电子邮箱.swift */,
				0A1CA0FB2451435D002D92E2 /* 198.打家劫舍.swift */,
				0A165BA7243DBA2B00E85723 /* 199.二叉树的右视图.swift */,
				0A5710F0244D772A0029BB2C /* 200.岛屿数量.swift */,
				0A9FB843244950ED00359364 /* 202.快乐数.swift */,
				0A165BCA243DBA2D00E85723 /* 203.移除链表元素.swift */,
				0A165BAA243DBA2B00E85723 /* 204.计数质数.swift */,
				0A165BC3243DBA2D00E85723 /* 206.反转链表.swift */,
				0A165B93243DBA2900E85723 /* 215.数组中的第K个最大元素.swift */,
				0A9FB8352446B9B100359364 /* 217.存在重复元素.swift */,
				0A165BB9243DBA2C00E85723 /* 219.存在重复元素II.swift */,
				0A9FB8332446B3A000359364 /* 222.完全二叉树的节点个数.swift */,
				0A165B96243DBA2A00E85723 /* 225.用队列实现栈.swift */,
				0A165BA8243DBA2B00E85723 /* 226.翻转二叉树.swift */,
				0AC470A72442FFF200FBA4D0 /* 232.用栈实现队列.swift */,
				0A94C8972452C78300A59E17 /* 252.会议室.swift */,
				0AC4708F243F02A400FBA4D0 /* 322.零钱兑换.swift */,
				0A165BC9243DBA2D00E85723 /* 349.两个数组的交集.swift */,
				0A9FB82F2445F4A900359364 /* 389.找不同.swift */,
				0A9FB82D2445E11C00359364 /* 442.数组中重复的数据.swift */,
				0A6FBCC52448B2F500B29C7E /* 543.二叉树的直径.swift */,
				0A94C8992452D17900A59E17 /* 1089.复写零.swift */,
				0A9FB83B2448038200359364 /* 1346.检查整数及其两倍数是否存在.swift */,
				0A165B97243DBA2A00E85723 /* 面试题40.最小的k个数.swift */,
			);
			path = "leetcode-swift";
			sourceTree = "<group>";
		};
		0A5710FA244DCF290029BB2C /* extera */ = {
			isa = PBXGroup;
			children = (
				0A5710FB244DCF580029BB2C /* sort */,
			);
			path = extera;
			sourceTree = "<group>";
		};
		0A5710FB244DCF580029BB2C /* sort */ = {
			isa = PBXGroup;
			children = (
				0A5710FC244DCF880029BB2C /* insertion.swift */,
				0A571104244DD5CA0029BB2C /* selection.swift */,
				0A5710FE244DD2490029BB2C /* bubble.swift */,
				0A571106244DDADD0029BB2C /* quick.swift */,
			);
			path = sort;
			sourceTree = "<group>";
		};
/* End PBXGroup section */

/* Begin PBXNativeTarget section */
		0A165B80243DB93900E85723 /* leetcode-swift */ = {
			isa = PBXNativeTarget;
			buildConfigurationList = 0A165B88243DB93900E85723 /* Build configuration list for PBXNativeTarget "leetcode-swift" */;
			buildPhases = (
				0A165B7D243DB93900E85723 /* Sources */,
				0A165B7E243DB93900E85723 /* Frameworks */,
				0A165B7F243DB93900E85723 /* CopyFiles */,
			);
			buildRules = (
			);
			dependencies = (
			);
			name = "leetcode-swift";
			productName = "leetcode-swift";
			productReference = 0A165B81243DB93900E85723 /* leetcode-swift */;
			productType = "com.apple.product-type.tool";
		};
/* End PBXNativeTarget section */

/* Begin PBXProject section */
		0A165B79243DB93900E85723 /* Project object */ = {
			isa = PBXProject;
			attributes = {
				LastSwiftUpdateCheck = 1130;
				LastUpgradeCheck = 1130;
				ORGANIZATIONNAME = xurong;
				TargetAttributes = {
					0A165B80243DB93900E85723 = {
						CreatedOnToolsVersion = 11.3.1;
					};
				};
			};
			buildConfigurationList = 0A165B7C243DB93900E85723 /* Build configuration list for PBXProject "leetcode-swift" */;
			compatibilityVersion = "Xcode 9.3";
			developmentRegion = en;
			hasScannedForEncodings = 0;
			knownRegions = (
				en,
				Base,
			);
			mainGroup = 0A165B78243DB93900E85723;
			productRefGroup = 0A165B82243DB93900E85723 /* Products */;
			projectDirPath = "";
			projectRoot = "";
			targets = (
				0A165B80243DB93900E85723 /* leetcode-swift */,
			);
		};
/* End PBXProject section */

/* Begin PBXSourcesBuildPhase section */
		0A165B7D243DB93900E85723 /* Sources */ = {
			isa = PBXSourcesBuildPhase;
			buildActionMask = 2147483647;
			files = (
				0A9FB83C2448038200359364 /* 1346.检查整数及其两倍数是否存在.swift in Sources */,
				0A57110B244EA6EF0029BB2C /* 155.最小栈.swift in Sources */,
				0A571109244E91AA0029BB2C /* 073.矩阵置零.swift in Sources */,
				0A165BFE243DBA2E00E85723 /* 014.最长公共前缀.swift in Sources */,
				0A165B8C243DB95A00E85723 /* 001.两数之和.swift in Sources */,
				0A165BDF243DBA2E00E85723 /* 135.分发糖果.swift in Sources */,
				0A165C03243DBA2E00E85723 /* 349.两个数组的交集.swift in Sources */,
				0A165BF2243DBA2E00E85723 /* 100.相同的树.swift in Sources */,
				0A9FB822244468EA00359364 /* 051.N皇后.swift in Sources */,
				0A165BD2243DBA2D00E85723 /* 160.相交链表.swift in Sources */,
				0AEC10132453F59B006BFBF4 /* 075.颜色分类.swift in Sources */,
				0A165C02243DBA2E00E85723 /* 067.二进制求和.swift in Sources */,
				0A9FB82824458F8D00359364 /* 022.括号生成.swift in Sources */,
				0A165BDE243DBA2E00E85723 /* 032.最长有效括号.swift in Sources */,
				0A9FB8322446A9A000359364 /* 129.求根到叶子节点数字之和.swift in Sources */,
				0A1CA0FC2451435D002D92E2 /* 198.打家劫舍.swift in Sources */,
				0A94C89C2452E6E100A59E17 /* 111.二叉树的最小深度.swift in Sources */,
				0A165BEB243DBA2E00E85723 /* 021.合并两个有序链表.swift in Sources */,
				0A165BE1243DBA2E00E85723 /* 199.二叉树的右视图.swift in Sources */,
				0A165BDD243DBA2D00E85723 /* 110.平衡二叉树.swift in Sources */,
				0AEC101524542AD5006BFBF4 /* 125.验证回文串.swift in Sources */,
				0A5710ED244C27BD0029BB2C /* 113.路径总和II.swift in Sources */,
				0AFCABB824551B1D00345F40 /* 079.单词搜索.swift in Sources */,
				0A9FB824244552E700359364 /* 077.组合.swift in Sources */,
				0A165BED243DBA2E00E85723 /* 027.移除元素.swift in Sources */,
				0A94C89A2452D17900A59E17 /* 1089.复写零.swift in Sources */,
				0A165BCF243DBA2D00E85723 /* 035.搜索插入位置.swift in Sources */,
				0A023E21244AD6F500885193 /* 011.盛最多水的容器.swift in Sources */,
				0AC4709C24417F4600FBA4D0 /* 002.两数相加.swift in Sources */,
				0A9FB8402448541400359364 /* 071.简化路径.swift in Sources */,
				0A165BD3243DBA2D00E85723 /* 177.第N高的薪水.swift in Sources */,
				0A165BEF243DBA2E00E85723 /* 003.无重复字符的最长子串.swift in Sources */,
				0AFCABBE245682F300345F40 /* 084.柱状图中最大的矩形.swift in Sources */,
				0A9FB82C2445C93C00359364 /* 118.杨辉三角.swift in Sources */,
				0AC470982440234E00FBA4D0 /* 122.买卖股票的最佳时机II.swift in Sources */,
				0A571119245038F40029BB2C /* 114.二叉树展开为链表.swift in Sources */,
				0A023E1F2449C56700885193 /* 034.在排序数组中查找元素的第一个和最后一个位置.swift in Sources */,
				0A165BE8243DBA2E00E85723 /* 042.接雨水.swift in Sources */,
				0A165BD6243DBA2D00E85723 /* 146.LRU缓存机制.swift in Sources */,
				0A165BE0243DBA2E00E85723 /* 015.三数之和.swift in Sources */,
				0A94C8982452C78300A59E17 /* 252.会议室.swift in Sources */,
				0AC470A62442E94B00FBA4D0 /* 088.合并两个有序数组.swift in Sources */,
				0A165BCC243DBA2D00E85723 /* 020.有效的括号.swift in Sources */,
				0A165BDB243DBA2D00E85723 /* 028.实现strStr().swift in Sources */,
				0A165C00243DBA2E00E85723 /* 175.组合两个表.swift in Sources */,
				0A9FB826244567B400359364 /* 078.子集.swift in Sources */,
				0A9FB82A2445A23300359364 /* 093.复原IP地址.swift in Sources */,
				0A5710F1244D772A0029BB2C /* 200.岛屿数量.swift in Sources */,
				0A571107244DDADD0029BB2C /* quick.swift in Sources */,
				0A165BDA243DBA2D00E85723 /* 094.二叉树的中序遍历.swift in Sources */,
				0AEC10112453DB20006BFBF4 /* 134.加油站.swift in Sources */,
				0A9FB8362446B9B100359364 /* 217.存在重复元素.swift in Sources */,
				0AC4709E24418F9400FBA4D0 /* 041.缺失的第一个正数.swift in Sources */,
				0A57111B24512E890029BB2C /* 189.旋转数组.swift in Sources */,
				0A6FBCC62448B2F500B29C7E /* 543.二叉树的直径.swift in Sources */,
				0A165BFF243DBA2E00E85723 /* 005.最长回文子串.swift in Sources */,
				0A9FB8382446E04100359364 /* 060.第k个排列.swift in Sources */,
				0A9FB83A2447170E00359364 /* 043.字符串相乘.swift in Sources */,
				0A165BD4243DBA2D00E85723 /* 104.二叉树的最大深度.swift in Sources */,
				0A165BD0243DBA2D00E85723 /* 225.用队列实现栈.swift in Sources */,
				0A5710E9244AE2D00029BB2C /* 016.最接近的三数之和.swift in Sources */,
				0A5710EB244AFA1F0029BB2C /* 037.解数独.swift in Sources */,
				0AFCABBC245576BB00345F40 /* 038.外观数列.swift in Sources */,
				0A165BFD243DBA2E00E85723 /* 206.反转链表.swift in Sources */,
				0AC470A82442FFF200FBA4D0 /* 232.用栈实现队列.swift in Sources */,
				0A9FB8422448688600359364 /* 072.编辑距离.swift in Sources */,
				0A165BCD243DBA2D00E85723 /* 215.数组中的第K个最大元素.swift in Sources */,
				0A165C04243DBA2E00E85723 /* 203.移除链表元素.swift in Sources */,
				0A165BF8243DBA2E00E85723 /* 058.最后一个单词的长度.swift in Sources */,
				0A165BEA243DBA2E00E85723 /* 169.多数元素.swift in Sources */,
				0A5710F5244D87530029BB2C /* 054.螺旋矩阵.swift in Sources */,
				0A165BEC243DBA2E00E85723 /* 019.删除链表的倒数第N个节点.swift in Sources */,
				0A165BF5243DBA2E00E85723 /* 136.只出现一次的数字.swift in Sources */,
				0A5710F7244D978C0029BB2C /* 040.组合总和II.swift in Sources */,
				0A023E1D2449979B00885193 /* 008.字符串转换整数(atoi).swift in Sources */,
				0A165BF4243DBA2E00E85723 /* 196.删除重复的电子邮箱.swift in Sources */,
				0A165BD9243DBA2D00E85723 /* 026.删除排序数组中的重复项.swift in Sources */,
				0A165BE9243DBA2E00E85723 /* 112.路径总和.swift in Sources */,
				0A165BE3243DBA2E00E85723 /* 056.合并区间.swift in Sources */,
				0A571105244DD5CA0029BB2C /* selection.swift in Sources */,
				0AC4708C243EB72300FBA4D0 /* 098.验证二叉搜索树.swift in Sources */,
				0A165BEE243DBA2E00E85723 /* 082.删除排序链表中的重复元素II.swift in Sources */,
				0A5710F3244D7E300029BB2C /* 063.不同路径II.swift in Sources */,
				0AC4708E243EF8C200FBA4D0 /* 121.买卖股票的最佳时机.swift in Sources */,
				0A165BD5243DBA2D00E85723 /* 070.爬楼梯.swift in Sources */,
				0A165BD1243DBA2D00E85723 /* 面试题40.最小的k个数.swift in Sources */,
				0A165BE6243DBA2E00E85723 /* 024.两两交换链表中的节点.swift in Sources */,
				0A9FB8302445F4A900359364 /* 389.找不同.swift in Sources */,
				0A165BF3243DBA2E00E85723 /* 219.存在重复元素II.swift in Sources */,
				0AC470AC2443072100FBA4D0 /* 048.旋转图像.swift in Sources */,
				0A57110D244EF4E10029BB2C /* 036.有效的数独.swift in Sources */,
				0A571111244FEA580029BB2C /* 107.二叉树的层次遍历II.swift in Sources */,
				0AC4709A2440577100FBA4D0 /* 103.二叉树的锯齿形层次遍历.swift in Sources */,
				0A5710FD244DCF880029BB2C /* insertion.swift in Sources */,
				0A165BFA243DBA2E00E85723 /* 176.第二高的薪水.swift in Sources */,
				0AFCABBA24555FBD00345F40 /* 012.整数转罗马数字.swift in Sources */,
				0A165BF9243DBA2E00E85723 /* 007.整数反转.swift in Sources */,
				0A165BF7243DBA2E00E85723 /* 066.加一.swift in Sources */,
				0A5710EF244C39150029BB2C /* 031.下一个排列.swift in Sources */,
				0A165BFB243DBA2E00E85723 /* 061.旋转链表.swift in Sources */,
				0A165BE5243DBA2E00E85723 /* 009.回文数.swift in Sources */,
				0A9FB8192444041900359364 /* 062.不同路径.swift in Sources */,
				0A9FB82E2445E11C00359364 /* 442.数组中重复的数据.swift in Sources */,
				0A165BE7243DBA2E00E85723 /* 083.删除排序链表中的重复元素.swift in Sources */,
				0A165BD8243DBA2D00E85723 /* 182.查找重复的电子邮箱.swift in Sources */,
				0A165BF1243DBA2E00E85723 /* 039.组合总和.swift in Sources */,
				0A165BF6243DBA2E00E85723 /* 141.环形链表.swift in Sources */,
				0AC470A42441AF5E00FBA4D0 /* 057.插入区间.swift in Sources */,
				0A165BD7243DBA2D00E85723 /* 053.最大子序和.swift in Sources */,
				0A165B85243DB93900E85723 /* main.swift in Sources */,
				0A9FB81B2444143C00359364 /* 064.最小路径和.swift in Sources */,
				0AC4709424400E2400FBA4D0 /* 023.合并K个排序链表.swift in Sources */,
				0A165BFC243DBA2E00E85723 /* 142.环形链表II.swift in Sources */,
				0A165BE4243DBA2E00E85723 /* 204.计数质数.swift in Sources */,
				0A571115245022BD0029BB2C /* 092.反转链表II.swift in Sources */,
				0A165C01243DBA2E00E85723 /* 069.x的平方根.swift in Sources */,
				0A9FB844244950ED00359364 /* 202.快乐数.swift in Sources */,
				0A165B8F243DBA0600E85723 /* ListNode.swift in Sources */,
				0A9FB8342446B3A000359364 /* 222.完全二叉树的节点个数.swift in Sources */,
				0A5710F9244DA77D0029BB2C /* 059.螺旋矩阵II.swift in Sources */,
				0A165BF0243DBA2E00E85723 /* 144.二叉树的前序遍历.swift in Sources */,
				0A5710FF244DD2490029BB2C /* bubble.swift in Sources */,
				0A165BDC243DBA2D00E85723 /* 101.对称二叉树.swift in Sources */,
				0A165BE2243DBA2E00E85723 /* 226.翻转二叉树.swift in Sources */,
				0AC47090243F02A400FBA4D0 /* 322.零钱兑换.swift in Sources */,
				0A57110F244FE0830029BB2C /* 167.两数之和II-输入有序数组.swift in Sources */,
				0A165BCB243DBA2D00E85723 /* 046.全排列.swift in Sources */,
				0A165B90243DBA0600E85723 /* TreeNode.swift in Sources */,
				0A023E1B24498D7000885193 /* 006.Z字形变换.swift in Sources */,
				0A165BCE243DBA2D00E85723 /* 102.二叉树的层次遍历.swift in Sources */,
				0AC47092243F0FE300FBA4D0 /* 033.搜索旋转排序数组.swift in Sources */,
				0A9FB83E24480FCB00359364 /* 148.排序链表.swift in Sources */,
			);
			runOnlyForDeploymentPostprocessing = 0;
		};
/* End PBXSourcesBuildPhase section */

/* Begin XCBuildConfiguration section */
		0A165B86243DB93900E85723 /* Debug */ = {
			isa = XCBuildConfiguration;
			buildSettings = {
				ALWAYS_SEARCH_USER_PATHS = NO;
				CLANG_ANALYZER_NONNULL = YES;
				CLANG_ANALYZER_NUMBER_OBJECT_CONVERSION = YES_AGGRESSIVE;
				CLANG_CXX_LANGUAGE_STANDARD = "gnu++14";
				CLANG_CXX_LIBRARY = "libc++";
				CLANG_ENABLE_MODULES = YES;
				CLANG_ENABLE_OBJC_ARC = YES;
				CLANG_ENABLE_OBJC_WEAK = YES;
				CLANG_WARN_BLOCK_CAPTURE_AUTORELEASING = YES;
				CLANG_WARN_BOOL_CONVERSION = YES;
				CLANG_WARN_COMMA = YES;
				CLANG_WARN_CONSTANT_CONVERSION = YES;
				CLANG_WARN_DEPRECATED_OBJC_IMPLEMENTATIONS = YES;
				CLANG_WARN_DIRECT_OBJC_ISA_USAGE = YES_ERROR;
				CLANG_WARN_DOCUMENTATION_COMMENTS = YES;
				CLANG_WARN_EMPTY_BODY = YES;
				CLANG_WARN_ENUM_CONVERSION = YES;
				CLANG_WARN_INFINITE_RECURSION = YES;
				CLANG_WARN_INT_CONVERSION = YES;
				CLANG_WARN_NON_LITERAL_NULL_CONVERSION = YES;
				CLANG_WARN_OBJC_IMPLICIT_RETAIN_SELF = YES;
				CLANG_WARN_OBJC_LITERAL_CONVERSION = YES;
				CLANG_WARN_OBJC_ROOT_CLASS = YES_ERROR;
				CLANG_WARN_RANGE_LOOP_ANALYSIS = YES;
				CLANG_WARN_STRICT_PROTOTYPES = YES;
				CLANG_WARN_SUSPICIOUS_MOVE = YES;
				CLANG_WARN_UNGUARDED_AVAILABILITY = YES_AGGRESSIVE;
				CLANG_WARN_UNREACHABLE_CODE = YES;
				CLANG_WARN__DUPLICATE_METHOD_MATCH = YES;
				COPY_PHASE_STRIP = NO;
				DEBUG_INFORMATION_FORMAT = dwarf;
				ENABLE_STRICT_OBJC_MSGSEND = YES;
				ENABLE_TESTABILITY = YES;
				GCC_C_LANGUAGE_STANDARD = gnu11;
				GCC_DYNAMIC_NO_PIC = NO;
				GCC_NO_COMMON_BLOCKS = YES;
				GCC_OPTIMIZATION_LEVEL = 0;
				GCC_PREPROCESSOR_DEFINITIONS = (
					"DEBUG=1",
					"$(inherited)",
				);
				GCC_WARN_64_TO_32_BIT_CONVERSION = YES;
				GCC_WARN_ABOUT_RETURN_TYPE = YES_ERROR;
				GCC_WARN_UNDECLARED_SELECTOR = YES;
				GCC_WARN_UNINITIALIZED_AUTOS = YES_AGGRESSIVE;
				GCC_WARN_UNUSED_FUNCTION = YES;
				GCC_WARN_UNUSED_VARIABLE = YES;
				MACOSX_DEPLOYMENT_TARGET = 10.15;
				MTL_ENABLE_DEBUG_INFO = INCLUDE_SOURCE;
				MTL_FAST_MATH = YES;
				ONLY_ACTIVE_ARCH = YES;
				SDKROOT = macosx;
				SWIFT_ACTIVE_COMPILATION_CONDITIONS = DEBUG;
				SWIFT_OPTIMIZATION_LEVEL = "-Onone";
			};
			name = Debug;
		};
		0A165B87243DB93900E85723 /* Release */ = {
			isa = XCBuildConfiguration;
			buildSettings = {
				ALWAYS_SEARCH_USER_PATHS = NO;
				CLANG_ANALYZER_NONNULL = YES;
				CLANG_ANALYZER_NUMBER_OBJECT_CONVERSION = YES_AGGRESSIVE;
				CLANG_CXX_LANGUAGE_STANDARD = "gnu++14";
				CLANG_CXX_LIBRARY = "libc++";
				CLANG_ENABLE_MODULES = YES;
				CLANG_ENABLE_OBJC_ARC = YES;
				CLANG_ENABLE_OBJC_WEAK = YES;
				CLANG_WARN_BLOCK_CAPTURE_AUTORELEASING = YES;
				CLANG_WARN_BOOL_CONVERSION = YES;
				CLANG_WARN_COMMA = YES;
				CLANG_WARN_CONSTANT_CONVERSION = YES;
				CLANG_WARN_DEPRECATED_OBJC_IMPLEMENTATIONS = YES;
				CLANG_WARN_DIRECT_OBJC_ISA_USAGE = YES_ERROR;
				CLANG_WARN_DOCUMENTATION_COMMENTS = YES;
				CLANG_WARN_EMPTY_BODY = YES;
				CLANG_WARN_ENUM_CONVERSION = YES;
				CLANG_WARN_INFINITE_RECURSION = YES;
				CLANG_WARN_INT_CONVERSION = YES;
				CLANG_WARN_NON_LITERAL_NULL_CONVERSION = YES;
				CLANG_WARN_OBJC_IMPLICIT_RETAIN_SELF = YES;
				CLANG_WARN_OBJC_LITERAL_CONVERSION = YES;
				CLANG_WARN_OBJC_ROOT_CLASS = YES_ERROR;
				CLANG_WARN_RANGE_LOOP_ANALYSIS = YES;
				CLANG_WARN_STRICT_PROTOTYPES = YES;
				CLANG_WARN_SUSPICIOUS_MOVE = YES;
				CLANG_WARN_UNGUARDED_AVAILABILITY = YES_AGGRESSIVE;
				CLANG_WARN_UNREACHABLE_CODE = YES;
				CLANG_WARN__DUPLICATE_METHOD_MATCH = YES;
				COPY_PHASE_STRIP = NO;
				DEBUG_INFORMATION_FORMAT = "dwarf-with-dsym";
				ENABLE_NS_ASSERTIONS = NO;
				ENABLE_STRICT_OBJC_MSGSEND = YES;
				GCC_C_LANGUAGE_STANDARD = gnu11;
				GCC_NO_COMMON_BLOCKS = YES;
				GCC_WARN_64_TO_32_BIT_CONVERSION = YES;
				GCC_WARN_ABOUT_RETURN_TYPE = YES_ERROR;
				GCC_WARN_UNDECLARED_SELECTOR = YES;
				GCC_WARN_UNINITIALIZED_AUTOS = YES_AGGRESSIVE;
				GCC_WARN_UNUSED_FUNCTION = YES;
				GCC_WARN_UNUSED_VARIABLE = YES;
				MACOSX_DEPLOYMENT_TARGET = 10.15;
				MTL_ENABLE_DEBUG_INFO = NO;
				MTL_FAST_MATH = YES;
				SDKROOT = macosx;
				SWIFT_COMPILATION_MODE = wholemodule;
				SWIFT_OPTIMIZATION_LEVEL = "-O";
			};
			name = Release;
		};
		0A165B89243DB93900E85723 /* Debug */ = {
			isa = XCBuildConfiguration;
			buildSettings = {
				CODE_SIGN_STYLE = Automatic;
				DEVELOPMENT_TEAM = DYE6ZRB6MM;
				ENABLE_HARDENED_RUNTIME = YES;
				PRODUCT_NAME = "$(TARGET_NAME)";
				SWIFT_VERSION = 5.0;
			};
			name = Debug;
		};
		0A165B8A243DB93900E85723 /* Release */ = {
			isa = XCBuildConfiguration;
			buildSettings = {
				CODE_SIGN_STYLE = Automatic;
				DEVELOPMENT_TEAM = DYE6ZRB6MM;
				ENABLE_HARDENED_RUNTIME = YES;
				PRODUCT_NAME = "$(TARGET_NAME)";
				SWIFT_VERSION = 5.0;
			};
			name = Release;
		};
/* End XCBuildConfiguration section */

/* Begin XCConfigurationList section */
		0A165B7C243DB93900E85723 /* Build configuration list for PBXProject "leetcode-swift" */ = {
			isa = XCConfigurationList;
			buildConfigurations = (
				0A165B86243DB93900E85723 /* Debug */,
				0A165B87243DB93900E85723 /* Release */,
			);
			defaultConfigurationIsVisible = 0;
			defaultConfigurationName = Release;
		};
		0A165B88243DB93900E85723 /* Build configuration list for PBXNativeTarget "leetcode-swift" */ = {
			isa = XCConfigurationList;
			buildConfigurations = (
				0A165B89243DB93900E85723 /* Debug */,
				0A165B8A243DB93900E85723 /* Release */,
			);
			defaultConfigurationIsVisible = 0;
			defaultConfigurationName = Release;
		};
/* End XCConfigurationList section */
	};
	rootObject = 0A165B79243DB93900E85723 /* Project object */;
}
